// !$*UTF8*$!
{
	archiveVersion = 1;
	classes = {
	};
	objectVersion = 55;
	objects = {

/* Begin PBXBuildFile section */
		B896E85C27C46778000CCF57 /* FriendFaceApp.swift in Sources */ = {isa = PBXBuildFile; fileRef = B896E85B27C46778000CCF57 /* FriendFaceApp.swift */; };
		B896E86027C46779000CCF57 /* Assets.xcassets in Resources */ = {isa = PBXBuildFile; fileRef = B896E85F27C46779000CCF57 /* Assets.xcassets */; };
		B896E86327C46779000CCF57 /* Preview Assets.xcassets in Resources */ = {isa = PBXBuildFile; fileRef = B896E86227C46779000CCF57 /* Preview Assets.xcassets */; };
		B896E87627C48F6D000CCF57 /* Enum+StatusColor.swift in Sources */ = {isa = PBXBuildFile; fileRef = B896E87527C48F6D000CCF57 /* Enum+StatusColor.swift */; };
		B896E87D27C4927B000CCF57 /* UserDetailView.swift in Sources */ = {isa = PBXBuildFile; fileRef = B896E87A27C4927B000CCF57 /* UserDetailView.swift */; };
		B896E87E27C4927B000CCF57 /* UserAboutText.swift in Sources */ = {isa = PBXBuildFile; fileRef = B896E87B27C4927B000CCF57 /* UserAboutText.swift */; };
		B896E87F27C4927B000CCF57 /* ContentView.swift in Sources */ = {isa = PBXBuildFile; fileRef = B896E87C27C4927B000CCF57 /* ContentView.swift */; };
		B896E88327C49286000CCF57 /* Friend.swift in Sources */ = {isa = PBXBuildFile; fileRef = B896E88127C49286000CCF57 /* Friend.swift */; };
		B896E88427C49286000CCF57 /* User.swift in Sources */ = {isa = PBXBuildFile; fileRef = B896E88227C49286000CCF57 /* User.swift */; };
		B896E88A27C55EB9000CCF57 /* FriendFace.xcdatamodeld in Sources */ = {isa = PBXBuildFile; fileRef = B896E88827C55EB9000CCF57 /* FriendFace.xcdatamodeld */; };
		B896E89727C56473000CCF57 /* CachedUser+CoreDataProperties.swift in Sources */ = {isa = PBXBuildFile; fileRef = B896E89327C56473000CCF57 /* CachedUser+CoreDataProperties.swift */; };
		B896E89827C56473000CCF57 /* CachedFriend+CoreDataClass.swift in Sources */ = {isa = PBXBuildFile; fileRef = B896E89427C56473000CCF57 /* CachedFriend+CoreDataClass.swift */; };
		B896E89927C56473000CCF57 /* CachedFriend+CoreDataProperties.swift in Sources */ = {isa = PBXBuildFile; fileRef = B896E89527C56473000CCF57 /* CachedFriend+CoreDataProperties.swift */; };
		B896E89A27C56473000CCF57 /* CachedUser+CoreDataClass.swift in Sources */ = {isa = PBXBuildFile; fileRef = B896E89627C56473000CCF57 /* CachedUser+CoreDataClass.swift */; };
		B896E89C27C5653A000CCF57 /* DataController.swift in Sources */ = {isa = PBXBuildFile; fileRef = B896E89B27C5653A000CCF57 /* DataController.swift */; };
		B896E89E27C5984C000CCF57 /* UserViewModel.swift in Sources */ = {isa = PBXBuildFile; fileRef = B896E89D27C5984C000CCF57 /* UserViewModel.swift */; };
/* End PBXBuildFile section */

/* Begin PBXFileReference section */
		B896E85827C46778000CCF57 /* FriendFace.app */ = {isa = PBXFileReference; explicitFileType = wrapper.application; includeInIndex = 0; path = FriendFace.app; sourceTree = BUILT_PRODUCTS_DIR; };
		B896E85B27C46778000CCF57 /* FriendFaceApp.swift */ = {isa = PBXFileReference; lastKnownFileType = sourcecode.swift; path = FriendFaceApp.swift; sourceTree = "<group>"; };
		B896E85F27C46779000CCF57 /* Assets.xcassets */ = {isa = PBXFileReference; lastKnownFileType = folder.assetcatalog; path = Assets.xcassets; sourceTree = "<group>"; };
		B896E86227C46779000CCF57 /* Preview Assets.xcassets */ = {isa = PBXFileReference; lastKnownFileType = folder.assetcatalog; path = "Preview Assets.xcassets"; sourceTree = "<group>"; };
		B896E87527C48F6D000CCF57 /* Enum+StatusColor.swift */ = {isa = PBXFileReference; lastKnownFileType = sourcecode.swift; path = "Enum+StatusColor.swift"; sourceTree = "<group>"; };
		B896E87A27C4927B000CCF57 /* UserDetailView.swift */ = {isa = PBXFileReference; fileEncoding = 4; lastKnownFileType = sourcecode.swift; path = UserDetailView.swift; sourceTree = "<group>"; };
		B896E87B27C4927B000CCF57 /* UserAboutText.swift */ = {isa = PBXFileReference; fileEncoding = 4; lastKnownFileType = sourcecode.swift; path = UserAboutText.swift; sourceTree = "<group>"; };
		B896E87C27C4927B000CCF57 /* ContentView.swift */ = {isa = PBXFileReference; fileEncoding = 4; lastKnownFileType = sourcecode.swift; path = ContentView.swift; sourceTree = "<group>"; };
		B896E88127C49286000CCF57 /* Friend.swift */ = {isa = PBXFileReference; fileEncoding = 4; lastKnownFileType = sourcecode.swift; path = Friend.swift; sourceTree = "<group>"; };
		B896E88227C49286000CCF57 /* User.swift */ = {isa = PBXFileReference; fileEncoding = 4; lastKnownFileType = sourcecode.swift; path = User.swift; sourceTree = "<group>"; };
		B896E88927C55EB9000CCF57 /* FriendFace.xcdatamodel */ = {isa = PBXFileReference; lastKnownFileType = wrapper.xcdatamodel; path = FriendFace.xcdatamodel; sourceTree = "<group>"; };
		B896E89327C56473000CCF57 /* CachedUser+CoreDataProperties.swift */ = {isa = PBXFileReference; fileEncoding = 4; lastKnownFileType = sourcecode.swift; path = "CachedUser+CoreDataProperties.swift"; sourceTree = "<group>"; };
		B896E89427C56473000CCF57 /* CachedFriend+CoreDataClass.swift */ = {isa = PBXFileReference; fileEncoding = 4; lastKnownFileType = sourcecode.swift; path = "CachedFriend+CoreDataClass.swift"; sourceTree = "<group>"; };
		B896E89527C56473000CCF57 /* CachedFriend+CoreDataProperties.swift */ = {isa = PBXFileReference; fileEncoding = 4; lastKnownFileType = sourcecode.swift; path = "CachedFriend+CoreDataProperties.swift"; sourceTree = "<group>"; };
		B896E89627C56473000CCF57 /* CachedUser+CoreDataClass.swift */ = {isa = PBXFileReference; fileEncoding = 4; lastKnownFileType = sourcecode.swift; path = "CachedUser+CoreDataClass.swift"; sourceTree = "<group>"; };
		B896E89B27C5653A000CCF57 /* DataController.swift */ = {isa = PBXFileReference; lastKnownFileType = sourcecode.swift; path = DataController.swift; sourceTree = "<group>"; };
		B896E89D27C5984C000CCF57 /* UserViewModel.swift */ = {isa = PBXFileReference; lastKnownFileType = sourcecode.swift; path = UserViewModel.swift; sourceTree = "<group>"; };
/* End PBXFileReference section */

/* Begin PBXFrameworksBuildPhase section */
		B896E85527C46778000CCF57 /* Frameworks */ = {
			isa = PBXFrameworksBuildPhase;
			buildActionMask = 2147483647;
			files = (
			);
			runOnlyForDeploymentPostprocessing = 0;
		};
/* End PBXFrameworksBuildPhase section */

/* Begin PBXGroup section */
		B896E84F27C46778000CCF57 = {
			isa = PBXGroup;
			children = (
				B896E85A27C46778000CCF57 /* FriendFace */,
				B896E85927C46778000CCF57 /* Products */,
			);
			sourceTree = "<group>";
		};
		B896E85927C46778000CCF57 /* Products */ = {
			isa = PBXGroup;
			children = (
				B896E85827C46778000CCF57 /* FriendFace.app */,
			);
			name = Products;
			sourceTree = "<group>";
		};
		B896E85A27C46778000CCF57 /* FriendFace */ = {
			isa = PBXGroup;
			children = (
				B896E89427C56473000CCF57 /* CachedFriend+CoreDataClass.swift */,
				B896E89527C56473000CCF57 /* CachedFriend+CoreDataProperties.swift */,
				B896E89627C56473000CCF57 /* CachedUser+CoreDataClass.swift */,
				B896E89327C56473000CCF57 /* CachedUser+CoreDataProperties.swift */,
				B896E85B27C46778000CCF57 /* FriendFaceApp.swift */,
				B896E88027C49286000CCF57 /* Models */,
				B896E87927C4927B000CCF57 /* Views */,
				B896E88527C49292000CCF57 /* ViewModels */,
				B896E89B27C5653A000CCF57 /* DataController.swift */,
				B896E87527C48F6D000CCF57 /* Enum+StatusColor.swift */,
				B896E88827C55EB9000CCF57 /* FriendFace.xcdatamodeld */,
				B896E85F27C46779000CCF57 /* Assets.xcassets */,
				B896E86127C46779000CCF57 /* Preview Content */,
			);
			path = FriendFace;
			sourceTree = "<group>";
		};
		B896E86127C46779000CCF57 /* Preview Content */ = {
			isa = PBXGroup;
			children = (
				B896E86227C46779000CCF57 /* Preview Assets.xcassets */,
			);
			path = "Preview Content";
			sourceTree = "<group>";
		};
		B896E87927C4927B000CCF57 /* Views */ = {
			isa = PBXGroup;
			children = (
				B896E87C27C4927B000CCF57 /* ContentView.swift */,
				B896E87B27C4927B000CCF57 /* UserAboutText.swift */,
				B896E87A27C4927B000CCF57 /* UserDetailView.swift */,
			);
			path = Views;
			sourceTree = "<group>";
		};
		B896E88027C49286000CCF57 /* Models */ = {
			isa = PBXGroup;
			children = (
				B896E88127C49286000CCF57 /* Friend.swift */,
				B896E88227C49286000CCF57 /* User.swift */,
			);
			name = Models;
			path = FriendFace/Models;
			sourceTree = SOURCE_ROOT;
		};
		B896E88527C49292000CCF57 /* ViewModels */ = {
			isa = PBXGroup;
			children = (
				B896E89D27C5984C000CCF57 /* UserViewModel.swift */,
			);
			path = ViewModels;
			sourceTree = "<group>";
		};
/* End PBXGroup section */

/* Begin PBXNativeTarget section */
		B896E85727C46778000CCF57 /* FriendFace */ = {
			isa = PBXNativeTarget;
			buildConfigurationList = B896E86627C46779000CCF57 /* Build configuration list for PBXNativeTarget "FriendFace" */;
			buildPhases = (
				B896E85427C46778000CCF57 /* Sources */,
				B896E85527C46778000CCF57 /* Frameworks */,
				B896E85627C46778000CCF57 /* Resources */,
			);
			buildRules = (
			);
			dependencies = (
			);
			name = FriendFace;
			productName = FriendFace;
			productReference = B896E85827C46778000CCF57 /* FriendFace.app */;
			productType = "com.apple.product-type.application";
		};
/* End PBXNativeTarget section */

/* Begin PBXProject section */
		B896E85027C46778000CCF57 /* Project object */ = {
			isa = PBXProject;
			attributes = {
				BuildIndependentTargetsInParallel = 1;
				LastSwiftUpdateCheck = 1320;
				LastUpgradeCheck = 1320;
				TargetAttributes = {
					B896E85727C46778000CCF57 = {
						CreatedOnToolsVersion = 13.2;
					};
				};
			};
			buildConfigurationList = B896E85327C46778000CCF57 /* Build configuration list for PBXProject "FriendFace" */;
			compatibilityVersion = "Xcode 13.0";
			developmentRegion = en;
			hasScannedForEncodings = 0;
			knownRegions = (
				en,
				Base,
			);
			mainGroup = B896E84F27C46778000CCF57;
			productRefGroup = B896E85927C46778000CCF57 /* Products */;
			projectDirPath = "";
			projectRoot = "";
			targets = (
				B896E85727C46778000CCF57 /* FriendFace */,
			);
		};
/* End PBXProject section */

/* Begin PBXResourcesBuildPhase section */
		B896E85627C46778000CCF57 /* Resources */ = {
			isa = PBXResourcesBuildPhase;
			buildActionMask = 2147483647;
			files = (
				B896E86327C46779000CCF57 /* Preview Assets.xcassets in Resources */,
				B896E86027C46779000CCF57 /* Assets.xcassets in Resources */,
			);
			runOnlyForDeploymentPostprocessing = 0;
		};
/* End PBXResourcesBuildPhase section */

/* Begin PBXSourcesBuildPhase section */
		B896E85427C46778000CCF57 /* Sources */ = {
			isa = PBXSourcesBuildPhase;
			buildActionMask = 2147483647;
			files = (
				B896E87F27C4927B000CCF57 /* ContentView.swift in Sources */,
				B896E88327C49286000CCF57 /* Friend.swift in Sources */,
				B896E89727C56473000CCF57 /* CachedUser+CoreDataProperties.swift in Sources */,
				B896E89A27C56473000CCF57 /* CachedUser+CoreDataClass.swift in Sources */,
				B896E85C27C46778000CCF57 /* FriendFaceApp.swift in Sources */,
				B896E88427C49286000CCF57 /* User.swift in Sources */,
				B896E89E27C5984C000CCF57 /* UserViewModel.swift in Sources */,
				B896E89C27C5653A000CCF57 /* DataController.swift in Sources */,
				B896E87D27C4927B000CCF57 /* UserDetailView.swift in Sources */,
				B896E89927C56473000CCF57 /* CachedFriend+CoreDataProperties.swift in Sources */,
				B896E88A27C55EB9000CCF57 /* FriendFace.xcdatamodeld in Sources */,
				B896E89827C56473000CCF57 /* CachedFriend+CoreDataClass.swift in Sources */,
				B896E87627C48F6D000CCF57 /* Enum+StatusColor.swift in Sources */,
				B896E87E27C4927B000CCF57 /* UserAboutText.swift in Sources */,
			);
			runOnlyForDeploymentPostprocessing = 0;
		};
/* End PBXSourcesBuildPhase section */

/* Begin XCBuildConfiguration section */
		B896E86427C46779000CCF57 /* Debug */ = {
			isa = XCBuildConfiguration;
			buildSettings = {
				ALWAYS_SEARCH_USER_PATHS = NO;
				CLANG_ANALYZER_NONNULL = YES;
				CLANG_ANALYZER_NUMBER_OBJECT_CONVERSION = YES_AGGRESSIVE;
				CLANG_CXX_LANGUAGE_STANDARD = "gnu++17";
				CLANG_CXX_LIBRARY = "libc++";
				CLANG_ENABLE_MODULES = YES;
				CLANG_ENABLE_OBJC_ARC = YES;
				CLANG_ENABLE_OBJC_WEAK = YES;
				CLANG_WARN_BLOCK_CAPTURE_AUTORELEASING = YES;
				CLANG_WARN_BOOL_CONVERSION = YES;
				CLANG_WARN_COMMA = YES;
				CLANG_WARN_CONSTANT_CONVERSION = YES;
				CLANG_WARN_DEPRECATED_OBJC_IMPLEMENTATIONS = YES;
				CLANG_WARN_DIRECT_OBJC_ISA_USAGE = YES_ERROR;
				CLANG_WARN_DOCUMENTATION_COMMENTS = YES;
				CLANG_WARN_EMPTY_BODY = YES;
				CLANG_WARN_ENUM_CONVERSION = YES;
				CLANG_WARN_INFINITE_RECURSION = YES;
				CLANG_WARN_INT_CONVERSION = YES;
				CLANG_WARN_NON_LITERAL_NULL_CONVERSION = YES;
				CLANG_WARN_OBJC_IMPLICIT_RETAIN_SELF = YES;
				CLANG_WARN_OBJC_LITERAL_CONVERSION = YES;
				CLANG_WARN_OBJC_ROOT_CLASS = YES_ERROR;
				CLANG_WARN_QUOTED_INCLUDE_IN_FRAMEWORK_HEADER = YES;
				CLANG_WARN_RANGE_LOOP_ANALYSIS = YES;
				CLANG_WARN_STRICT_PROTOTYPES = YES;
				CLANG_WARN_SUSPICIOUS_MOVE = YES;
				CLANG_WARN_UNGUARDED_AVAILABILITY = YES_AGGRESSIVE;
				CLANG_WARN_UNREACHABLE_CODE = YES;
				CLANG_WARN__DUPLICATE_METHOD_MATCH = YES;
				COPY_PHASE_STRIP = NO;
				DEBUG_INFORMATION_FORMAT = dwarf;
				ENABLE_STRICT_OBJC_MSGSEND = YES;
				ENABLE_TESTABILITY = YES;
				GCC_C_LANGUAGE_STANDARD = gnu11;
				GCC_DYNAMIC_NO_PIC = NO;
				GCC_NO_COMMON_BLOCKS = YES;
				GCC_OPTIMIZATION_LEVEL = 0;
				GCC_PREPROCESSOR_DEFINITIONS = (
					"DEBUG=1",
					"$(inherited)",
				);
				GCC_WARN_64_TO_32_BIT_CONVERSION = YES;
				GCC_WARN_ABOUT_RETURN_TYPE = YES_ERROR;
				GCC_WARN_UNDECLARED_SELECTOR = YES;
				GCC_WARN_UNINITIALIZED_AUTOS = YES_AGGRESSIVE;
				GCC_WARN_UNUSED_FUNCTION = YES;
				GCC_WARN_UNUSED_VARIABLE = YES;
				IPHONEOS_DEPLOYMENT_TARGET = 15.2;
				MTL_ENABLE_DEBUG_INFO = INCLUDE_SOURCE;
				MTL_FAST_MATH = YES;
				ONLY_ACTIVE_ARCH = YES;
				SDKROOT = iphoneos;
				SWIFT_ACTIVE_COMPILATION_CONDITIONS = DEBUG;
				SWIFT_OPTIMIZATION_LEVEL = "-Onone";
			};
			name = Debug;
		};
		B896E86527C46779000CCF57 /* Release */ = {
			isa = XCBuildConfiguration;
			buildSettings = {
				ALWAYS_SEARCH_USER_PATHS = NO;
				CLANG_ANALYZER_NONNULL = YES;
				CLANG_ANALYZER_NUMBER_OBJECT_CONVERSION = YES_AGGRESSIVE;
				CLANG_CXX_LANGUAGE_STANDARD = "gnu++17";
				CLANG_CXX_LIBRARY = "libc++";
				CLANG_ENABLE_MODULES = YES;
				CLANG_ENABLE_OBJC_ARC = YES;
				CLANG_ENABLE_OBJC_WEAK = YES;
				CLANG_WARN_BLOCK_CAPTURE_AUTORELEASING = YES;
				CLANG_WARN_BOOL_CONVERSION = YES;
				CLANG_WARN_COMMA = YES;
				CLANG_WARN_CONSTANT_CONVERSION = YES;
				CLANG_WARN_DEPRECATED_OBJC_IMPLEMENTATIONS = YES;
				CLANG_WARN_DIRECT_OBJC_ISA_USAGE = YES_ERROR;
				CLANG_WARN_DOCUMENTATION_COMMENTS = YES;
				CLANG_WARN_EMPTY_BODY = YES;
				CLANG_WARN_ENUM_CONVERSION = YES;
				CLANG_WARN_INFINITE_RECURSION = YES;
				CLANG_WARN_INT_CONVERSION = YES;
				CLANG_WARN_NON_LITERAL_NULL_CONVERSION = YES;
				CLANG_WARN_OBJC_IMPLICIT_RETAIN_SELF = YES;
				CLANG_WARN_OBJC_LITERAL_CONVERSION = YES;
				CLANG_WARN_OBJC_ROOT_CLASS = YES_ERROR;
				CLANG_WARN_QUOTED_INCLUDE_IN_FRAMEWORK_HEADER = YES;
				CLANG_WARN_RANGE_LOOP_ANALYSIS = YES;
				CLANG_WARN_STRICT_PROTOTYPES = YES;
				CLANG_WARN_SUSPICIOUS_MOVE = YES;
				CLANG_WARN_UNGUARDED_AVAILABILITY = YES_AGGRESSIVE;
				CLANG_WARN_UNREACHABLE_CODE = YES;
				CLANG_WARN__DUPLICATE_METHOD_MATCH = YES;
				COPY_PHASE_STRIP = NO;
				DEBUG_INFORMATION_FORMAT = "dwarf-with-dsym";
				ENABLE_NS_ASSERTIONS = NO;
				ENABLE_STRICT_OBJC_MSGSEND = YES;
				GCC_C_LANGUAGE_STANDARD = gnu11;
				GCC_NO_COMMON_BLOCKS = YES;
				GCC_WARN_64_TO_32_BIT_CONVERSION = YES;
				GCC_WARN_ABOUT_RETURN_TYPE = YES_ERROR;
				GCC_WARN_UNDECLARED_SELECTOR = YES;
				GCC_WARN_UNINITIALIZED_AUTOS = YES_AGGRESSIVE;
				GCC_WARN_UNUSED_FUNCTION = YES;
				GCC_WARN_UNUSED_VARIABLE = YES;
				IPHONEOS_DEPLOYMENT_TARGET = 15.2;
				MTL_ENABLE_DEBUG_INFO = NO;
				MTL_FAST_MATH = YES;
				SDKROOT = iphoneos;
				SWIFT_COMPILATION_MODE = wholemodule;
				SWIFT_OPTIMIZATION_LEVEL = "-O";
				VALIDATE_PRODUCT = YES;
			};
			name = Release;
		};
		B896E86727C46779000CCF57 /* Debug */ = {
			isa = XCBuildConfiguration;
			buildSettings = {
				ASSETCATALOG_COMPILER_APPICON_NAME = AppIcon;
				ASSETCATALOG_COMPILER_GLOBAL_ACCENT_COLOR_NAME = AccentColor;
				CODE_SIGN_STYLE = Automatic;
				CURRENT_PROJECT_VERSION = 1;
				DEVELOPMENT_ASSET_PATHS = "\"FriendFace/Preview Content\"";
				DEVELOPMENT_TEAM = CV4APKG945;
				ENABLE_PREVIEWS = YES;
				GENERATE_INFOPLIST_FILE = YES;
				INFOPLIST_KEY_UIApplicationSceneManifest_Generation = YES;
				INFOPLIST_KEY_UIApplicationSupportsIndirectInputEvents = YES;
				INFOPLIST_KEY_UILaunchScreen_Generation = YES;
				INFOPLIST_KEY_UISupportedInterfaceOrientations_iPad = "UIInterfaceOrientationPortrait UIInterfaceOrientationPortraitUpsideDown UIInterfaceOrientationLandscapeLeft UIInterfaceOrientationLandscapeRight";
				INFOPLIST_KEY_UISupportedInterfaceOrientations_iPhone = "UIInterfaceOrientationPortrait UIInterfaceOrientationLandscapeLeft UIInterfaceOrientationLandscapeRight";
				LD_RUNPATH_SEARCH_PATHS = (
					"$(inherited)",
					"@executable_path/Frameworks",
				);
				MARKETING_VERSION = 1.0;
				PRODUCT_BUNDLE_IDENTIFIER = dev.mattwurl.FriendFace;
				PRODUCT_NAME = "$(TARGET_NAME)";
				SWIFT_EMIT_LOC_STRINGS = YES;
				SWIFT_VERSION = 5.0;
				TARGETED_DEVICE_FAMILY = "1,2";
			};
			name = Debug;
		};
		B896E86827C46779000CCF57 /* Release */ = {
			isa = XCBuildConfiguration;
			buildSettings = {
				ASSETCATALOG_COMPILER_APPICON_NAME = AppIcon;
				ASSETCATALOG_COMPILER_GLOBAL_ACCENT_COLOR_NAME = AccentColor;
				CODE_SIGN_STYLE = Automatic;
				CURRENT_PROJECT_VERSION = 1;
				DEVELOPMENT_ASSET_PATHS = "\"FriendFace/Preview Content\"";
				DEVELOPMENT_TEAM = CV4APKG945;
				ENABLE_PREVIEWS = YES;
				GENERATE_INFOPLIST_FILE = YES;
				INFOPLIST_KEY_UIApplicationSceneManifest_Generation = YES;
				INFOPLIST_KEY_UIApplicationSupportsIndirectInputEvents = YES;
				INFOPLIST_KEY_UILaunchScreen_Generation = YES;
				INFOPLIST_KEY_UISupportedInterfaceOrientations_iPad = "UIInterfaceOrientationPortrait UIInterfaceOrientationPortraitUpsideDown UIInterfaceOrientationLandscapeLeft UIInterfaceOrientationLandscapeRight";
				INFOPLIST_KEY_UISupportedInterfaceOrientations_iPhone = "UIInterfaceOrientationPortrait UIInterfaceOrientationLandscapeLeft UIInterfaceOrientationLandscapeRight";
				LD_RUNPATH_SEARCH_PATHS = (
					"$(inherited)",
					"@executable_path/Frameworks",
				);
				MARKETING_VERSION = 1.0;
				PRODUCT_BUNDLE_IDENTIFIER = dev.mattwurl.FriendFace;
				PRODUCT_NAME = "$(TARGET_NAME)";
				SWIFT_EMIT_LOC_STRINGS = YES;
				SWIFT_VERSION = 5.0;
				TARGETED_DEVICE_FAMILY = "1,2";
			};
			name = Release;
		};
/* End XCBuildConfiguration section */

/* Begin XCConfigurationList section */
		B896E85327C46778000CCF57 /* Build configuration list for PBXProject "FriendFace" */ = {
			isa = XCConfigurationList;
			buildConfigurations = (
				B896E86427C46779000CCF57 /* Debug */,
				B896E86527C46779000CCF57 /* Release */,
			);
			defaultConfigurationIsVisible = 0;
			defaultConfigurationName = Release;
		};
		B896E86627C46779000CCF57 /* Build configuration list for PBXNativeTarget "FriendFace" */ = {
			isa = XCConfigurationList;
			buildConfigurations = (
				B896E86727C46779000CCF57 /* Debug */,
				B896E86827C46779000CCF57 /* Release */,
			);
			defaultConfigurationIsVisible = 0;
			defaultConfigurationName = Release;
		};
/* End XCConfigurationList section */

/* Begin XCVersionGroup section */
		B896E88827C55EB9000CCF57 /* FriendFace.xcdatamodeld */ = {
			isa = XCVersionGroup;
			children = (
				B896E88927C55EB9000CCF57 /* FriendFace.xcdatamodel */,
			);
			currentVersion = B896E88927C55EB9000CCF57 /* FriendFace.xcdatamodel */;
			path = FriendFace.xcdatamodeld;
			sourceTree = "<group>";
			versionGroupType = wrapper.xcdatamodel;
		};
/* End XCVersionGroup section */
	};
	rootObject = B896E85027C46778000CCF57 /* Project object */;
}
