// !$*UTF8*$!
{
	archiveVersion = 1;
	classes = {
	};
	objectVersion = 55;
	objects = {

/* Begin PBXBuildFile section */
		B8E0130127A52104000E5174 /* iExpenseApp.swift in Sources */ = {isa = PBXBuildFile; fileRef = B8E0130027A52104000E5174 /* iExpenseApp.swift */; };
		B8E0130327A52104000E5174 /* ContentView.swift in Sources */ = {isa = PBXBuildFile; fileRef = B8E0130227A52104000E5174 /* ContentView.swift */; };
		B8E0130527A52105000E5174 /* Assets.xcassets in Resources */ = {isa = PBXBuildFile; fileRef = B8E0130427A52105000E5174 /* Assets.xcassets */; };
		B8E0130827A52105000E5174 /* Preview Assets.xcassets in Resources */ = {isa = PBXBuildFile; fileRef = B8E0130727A52105000E5174 /* Preview Assets.xcassets */; };
		B8E0130F27A5FAC8000E5174 /* ExpenseItem.swift in Sources */ = {isa = PBXBuildFile; fileRef = B8E0130E27A5FAC8000E5174 /* ExpenseItem.swift */; };
		B8E0131127A5FB26000E5174 /* Expenses.swift in Sources */ = {isa = PBXBuildFile; fileRef = B8E0131027A5FB26000E5174 /* Expenses.swift */; };
		B8E0131327A5FF40000E5174 /* AddView.swift in Sources */ = {isa = PBXBuildFile; fileRef = B8E0131227A5FF40000E5174 /* AddView.swift */; };
/* End PBXBuildFile section */

/* Begin PBXFileReference section */
		B8E012FD27A52104000E5174 /* iExpense.app */ = {isa = PBXFileReference; explicitFileType = wrapper.application; includeInIndex = 0; path = iExpense.app; sourceTree = BUILT_PRODUCTS_DIR; };
		B8E0130027A52104000E5174 /* iExpenseApp.swift */ = {isa = PBXFileReference; lastKnownFileType = sourcecode.swift; path = iExpenseApp.swift; sourceTree = "<group>"; };
		B8E0130227A52104000E5174 /* ContentView.swift */ = {isa = PBXFileReference; lastKnownFileType = sourcecode.swift; path = ContentView.swift; sourceTree = "<group>"; };
		B8E0130427A52105000E5174 /* Assets.xcassets */ = {isa = PBXFileReference; lastKnownFileType = folder.assetcatalog; path = Assets.xcassets; sourceTree = "<group>"; };
		B8E0130727A52105000E5174 /* Preview Assets.xcassets */ = {isa = PBXFileReference; lastKnownFileType = folder.assetcatalog; path = "Preview Assets.xcassets"; sourceTree = "<group>"; };
		B8E0130E27A5FAC8000E5174 /* ExpenseItem.swift */ = {isa = PBXFileReference; lastKnownFileType = sourcecode.swift; path = ExpenseItem.swift; sourceTree = "<group>"; };
		B8E0131027A5FB26000E5174 /* Expenses.swift */ = {isa = PBXFileReference; lastKnownFileType = sourcecode.swift; path = Expenses.swift; sourceTree = "<group>"; };
		B8E0131227A5FF40000E5174 /* AddView.swift */ = {isa = PBXFileReference; lastKnownFileType = sourcecode.swift; path = AddView.swift; sourceTree = "<group>"; };
/* End PBXFileReference section */

/* Begin PBXFrameworksBuildPhase section */
		B8E012FA27A52104000E5174 /* Frameworks */ = {
			isa = PBXFrameworksBuildPhase;
			buildActionMask = 2147483647;
			files = (
			);
			runOnlyForDeploymentPostprocessing = 0;
		};
/* End PBXFrameworksBuildPhase section */

/* Begin PBXGroup section */
		B8E012F427A52104000E5174 = {
			isa = PBXGroup;
			children = (
				B8E012FF27A52104000E5174 /* iExpense */,
				B8E012FE27A52104000E5174 /* Products */,
			);
			sourceTree = "<group>";
		};
		B8E012FE27A52104000E5174 /* Products */ = {
			isa = PBXGroup;
			children = (
				B8E012FD27A52104000E5174 /* iExpense.app */,
			);
			name = Products;
			sourceTree = "<group>";
		};
		B8E012FF27A52104000E5174 /* iExpense */ = {
			isa = PBXGroup;
			children = (
				B8E0130027A52104000E5174 /* iExpenseApp.swift */,
				B8E0130227A52104000E5174 /* ContentView.swift */,
				B8E0131227A5FF40000E5174 /* AddView.swift */,
				B8E0130E27A5FAC8000E5174 /* ExpenseItem.swift */,
				B8E0131027A5FB26000E5174 /* Expenses.swift */,
				B8E0130427A52105000E5174 /* Assets.xcassets */,
				B8E0130627A52105000E5174 /* Preview Content */,
			);
			path = iExpense;
			sourceTree = "<group>";
		};
		B8E0130627A52105000E5174 /* Preview Content */ = {
			isa = PBXGroup;
			children = (
				B8E0130727A52105000E5174 /* Preview Assets.xcassets */,
			);
			path = "Preview Content";
			sourceTree = "<group>";
		};
/* End PBXGroup section */

/* Begin PBXNativeTarget section */
		B8E012FC27A52104000E5174 /* iExpense */ = {
			isa = PBXNativeTarget;
			buildConfigurationList = B8E0130B27A52105000E5174 /* Build configuration list for PBXNativeTarget "iExpense" */;
			buildPhases = (
				B8E012F927A52104000E5174 /* Sources */,
				B8E012FA27A52104000E5174 /* Frameworks */,
				B8E012FB27A52104000E5174 /* Resources */,
			);
			buildRules = (
			);
			dependencies = (
			);
			name = iExpense;
			productName = iExpense;
			productReference = B8E012FD27A52104000E5174 /* iExpense.app */;
			productType = "com.apple.product-type.application";
		};
/* End PBXNativeTarget section */

/* Begin PBXProject section */
		B8E012F527A52104000E5174 /* Project object */ = {
			isa = PBXProject;
			attributes = {
				BuildIndependentTargetsInParallel = 1;
				LastSwiftUpdateCheck = 1320;
				LastUpgradeCheck = 1320;
				TargetAttributes = {
					B8E012FC27A52104000E5174 = {
						CreatedOnToolsVersion = 13.2;
					};
				};
			};
			buildConfigurationList = B8E012F827A52104000E5174 /* Build configuration list for PBXProject "iExpense" */;
			compatibilityVersion = "Xcode 13.0";
			developmentRegion = en;
			hasScannedForEncodings = 0;
			knownRegions = (
				en,
				Base,
			);
			mainGroup = B8E012F427A52104000E5174;
			productRefGroup = B8E012FE27A52104000E5174 /* Products */;
			projectDirPath = "";
			projectRoot = "";
			targets = (
				B8E012FC27A52104000E5174 /* iExpense */,
			);
		};
/* End PBXProject section */

/* Begin PBXResourcesBuildPhase section */
		B8E012FB27A52104000E5174 /* Resources */ = {
			isa = PBXResourcesBuildPhase;
			buildActionMask = 2147483647;
			files = (
				B8E0130827A52105000E5174 /* Preview Assets.xcassets in Resources */,
				B8E0130527A52105000E5174 /* Assets.xcassets in Resources */,
			);
			runOnlyForDeploymentPostprocessing = 0;
		};
/* End PBXResourcesBuildPhase section */

/* Begin PBXSourcesBuildPhase section */
		B8E012F927A52104000E5174 /* Sources */ = {
			isa = PBXSourcesBuildPhase;
			buildActionMask = 2147483647;
			files = (
				B8E0131127A5FB26000E5174 /* Expenses.swift in Sources */,
				B8E0130327A52104000E5174 /* ContentView.swift in Sources */,
				B8E0131327A5FF40000E5174 /* AddView.swift in Sources */,
				B8E0130F27A5FAC8000E5174 /* ExpenseItem.swift in Sources */,
				B8E0130127A52104000E5174 /* iExpenseApp.swift in Sources */,
			);
			runOnlyForDeploymentPostprocessing = 0;
		};
/* End PBXSourcesBuildPhase section */

/* Begin XCBuildConfiguration section */
		B8E0130927A52105000E5174 /* Debug */ = {
			isa = XCBuildConfiguration;
			buildSettings = {
				ALWAYS_SEARCH_USER_PATHS = NO;
				CLANG_ANALYZER_NONNULL = YES;
				CLANG_ANALYZER_NUMBER_OBJECT_CONVERSION = YES_AGGRESSIVE;
				CLANG_CXX_LANGUAGE_STANDARD = "gnu++17";
				CLANG_CXX_LIBRARY = "libc++";
				CLANG_ENABLE_MODULES = YES;
				CLANG_ENABLE_OBJC_ARC = YES;
				CLANG_ENABLE_OBJC_WEAK = YES;
				CLANG_WARN_BLOCK_CAPTURE_AUTORELEASING = YES;
				CLANG_WARN_BOOL_CONVERSION = YES;
				CLANG_WARN_COMMA = YES;
				CLANG_WARN_CONSTANT_CONVERSION = YES;
				CLANG_WARN_DEPRECATED_OBJC_IMPLEMENTATIONS = YES;
				CLANG_WARN_DIRECT_OBJC_ISA_USAGE = YES_ERROR;
				CLANG_WARN_DOCUMENTATION_COMMENTS = YES;
				CLANG_WARN_EMPTY_BODY = YES;
				CLANG_WARN_ENUM_CONVERSION = YES;
				CLANG_WARN_INFINITE_RECURSION = YES;
				CLANG_WARN_INT_CONVERSION = YES;
				CLANG_WARN_NON_LITERAL_NULL_CONVERSION = YES;
				CLANG_WARN_OBJC_IMPLICIT_RETAIN_SELF = YES;
				CLANG_WARN_OBJC_LITERAL_CONVERSION = YES;
				CLANG_WARN_OBJC_ROOT_CLASS = YES_ERROR;
				CLANG_WARN_QUOTED_INCLUDE_IN_FRAMEWORK_HEADER = YES;
				CLANG_WARN_RANGE_LOOP_ANALYSIS = YES;
				CLANG_WARN_STRICT_PROTOTYPES = YES;
				CLANG_WARN_SUSPICIOUS_MOVE = YES;
				CLANG_WARN_UNGUARDED_AVAILABILITY = YES_AGGRESSIVE;
				CLANG_WARN_UNREACHABLE_CODE = YES;
				CLANG_WARN__DUPLICATE_METHOD_MATCH = YES;
				COPY_PHASE_STRIP = NO;
				DEBUG_INFORMATION_FORMAT = dwarf;
				ENABLE_STRICT_OBJC_MSGSEND = YES;
				ENABLE_TESTABILITY = YES;
				GCC_C_LANGUAGE_STANDARD = gnu11;
				GCC_DYNAMIC_NO_PIC = NO;
				GCC_NO_COMMON_BLOCKS = YES;
				GCC_OPTIMIZATION_LEVEL = 0;
				GCC_PREPROCESSOR_DEFINITIONS = (
					"DEBUG=1",
					"$(inherited)",
				);
				GCC_WARN_64_TO_32_BIT_CONVERSION = YES;
				GCC_WARN_ABOUT_RETURN_TYPE = YES_ERROR;
				GCC_WARN_UNDECLARED_SELECTOR = YES;
				GCC_WARN_UNINITIALIZED_AUTOS = YES_AGGRESSIVE;
				GCC_WARN_UNUSED_FUNCTION = YES;
				GCC_WARN_UNUSED_VARIABLE = YES;
				IPHONEOS_DEPLOYMENT_TARGET = 15.2;
				MTL_ENABLE_DEBUG_INFO = INCLUDE_SOURCE;
				MTL_FAST_MATH = YES;
				ONLY_ACTIVE_ARCH = YES;
				SDKROOT = iphoneos;
				SWIFT_ACTIVE_COMPILATION_CONDITIONS = DEBUG;
				SWIFT_OPTIMIZATION_LEVEL = "-Onone";
			};
			name = Debug;
		};
		B8E0130A27A52105000E5174 /* Release */ = {
			isa = XCBuildConfiguration;
			buildSettings = {
				ALWAYS_SEARCH_USER_PATHS = NO;
				CLANG_ANALYZER_NONNULL = YES;
				CLANG_ANALYZER_NUMBER_OBJECT_CONVERSION = YES_AGGRESSIVE;
				CLANG_CXX_LANGUAGE_STANDARD = "gnu++17";
				CLANG_CXX_LIBRARY = "libc++";
				CLANG_ENABLE_MODULES = YES;
				CLANG_ENABLE_OBJC_ARC = YES;
				CLANG_ENABLE_OBJC_WEAK = YES;
				CLANG_WARN_BLOCK_CAPTURE_AUTORELEASING = YES;
				CLANG_WARN_BOOL_CONVERSION = YES;
				CLANG_WARN_COMMA = YES;
				CLANG_WARN_CONSTANT_CONVERSION = YES;
				CLANG_WARN_DEPRECATED_OBJC_IMPLEMENTATIONS = YES;
				CLANG_WARN_DIRECT_OBJC_ISA_USAGE = YES_ERROR;
				CLANG_WARN_DOCUMENTATION_COMMENTS = YES;
				CLANG_WARN_EMPTY_BODY = YES;
				CLANG_WARN_ENUM_CONVERSION = YES;
				CLANG_WARN_INFINITE_RECURSION = YES;
				CLANG_WARN_INT_CONVERSION = YES;
				CLANG_WARN_NON_LITERAL_NULL_CONVERSION = YES;
				CLANG_WARN_OBJC_IMPLICIT_RETAIN_SELF = YES;
				CLANG_WARN_OBJC_LITERAL_CONVERSION = YES;
				CLANG_WARN_OBJC_ROOT_CLASS = YES_ERROR;
				CLANG_WARN_QUOTED_INCLUDE_IN_FRAMEWORK_HEADER = YES;
				CLANG_WARN_RANGE_LOOP_ANALYSIS = YES;
				CLANG_WARN_STRICT_PROTOTYPES = YES;
				CLANG_WARN_SUSPICIOUS_MOVE = YES;
				CLANG_WARN_UNGUARDED_AVAILABILITY = YES_AGGRESSIVE;
				CLANG_WARN_UNREACHABLE_CODE = YES;
				CLANG_WARN__DUPLICATE_METHOD_MATCH = YES;
				COPY_PHASE_STRIP = NO;
				DEBUG_INFORMATION_FORMAT = "dwarf-with-dsym";
				ENABLE_NS_ASSERTIONS = NO;
				ENABLE_STRICT_OBJC_MSGSEND = YES;
				GCC_C_LANGUAGE_STANDARD = gnu11;
				GCC_NO_COMMON_BLOCKS = YES;
				GCC_WARN_64_TO_32_BIT_CONVERSION = YES;
				GCC_WARN_ABOUT_RETURN_TYPE = YES_ERROR;
				GCC_WARN_UNDECLARED_SELECTOR = YES;
				GCC_WARN_UNINITIALIZED_AUTOS = YES_AGGRESSIVE;
				GCC_WARN_UNUSED_FUNCTION = YES;
				GCC_WARN_UNUSED_VARIABLE = YES;
				IPHONEOS_DEPLOYMENT_TARGET = 15.2;
				MTL_ENABLE_DEBUG_INFO = NO;
				MTL_FAST_MATH = YES;
				SDKROOT = iphoneos;
				SWIFT_COMPILATION_MODE = wholemodule;
				SWIFT_OPTIMIZATION_LEVEL = "-O";
				VALIDATE_PRODUCT = YES;
			};
			name = Release;
		};
		B8E0130C27A52105000E5174 /* Debug */ = {
			isa = XCBuildConfiguration;
			buildSettings = {
				ASSETCATALOG_COMPILER_APPICON_NAME = AppIcon;
				ASSETCATALOG_COMPILER_GLOBAL_ACCENT_COLOR_NAME = AccentColor;
				CODE_SIGN_STYLE = Automatic;
				CURRENT_PROJECT_VERSION = 1;
				DEVELOPMENT_ASSET_PATHS = "\"iExpense/Preview Content\"";
				DEVELOPMENT_TEAM = CV4APKG945;
				ENABLE_PREVIEWS = YES;
				GENERATE_INFOPLIST_FILE = YES;
				INFOPLIST_KEY_UIApplicationSceneManifest_Generation = YES;
				INFOPLIST_KEY_UIApplicationSupportsIndirectInputEvents = YES;
				INFOPLIST_KEY_UILaunchScreen_Generation = YES;
				INFOPLIST_KEY_UISupportedInterfaceOrientations_iPad = "UIInterfaceOrientationPortrait UIInterfaceOrientationPortraitUpsideDown UIInterfaceOrientationLandscapeLeft UIInterfaceOrientationLandscapeRight";
				INFOPLIST_KEY_UISupportedInterfaceOrientations_iPhone = "UIInterfaceOrientationPortrait UIInterfaceOrientationLandscapeLeft UIInterfaceOrientationLandscapeRight";
				LD_RUNPATH_SEARCH_PATHS = (
					"$(inherited)",
					"@executable_path/Frameworks",
				);
				MARKETING_VERSION = 1.0;
				PRODUCT_BUNDLE_IDENTIFIER = dev.mattwurl.iExpense;
				PRODUCT_NAME = "$(TARGET_NAME)";
				SWIFT_EMIT_LOC_STRINGS = YES;
				SWIFT_VERSION = 5.0;
				TARGETED_DEVICE_FAMILY = "1,2";
			};
			name = Debug;
		};
		B8E0130D27A52105000E5174 /* Release */ = {
			isa = XCBuildConfiguration;
			buildSettings = {
				ASSETCATALOG_COMPILER_APPICON_NAME = AppIcon;
				ASSETCATALOG_COMPILER_GLOBAL_ACCENT_COLOR_NAME = AccentColor;
				CODE_SIGN_STYLE = Automatic;
				CURRENT_PROJECT_VERSION = 1;
				DEVELOPMENT_ASSET_PATHS = "\"iExpense/Preview Content\"";
				DEVELOPMENT_TEAM = CV4APKG945;
				ENABLE_PREVIEWS = YES;
				GENERATE_INFOPLIST_FILE = YES;
				INFOPLIST_KEY_UIApplicationSceneManifest_Generation = YES;
				INFOPLIST_KEY_UIApplicationSupportsIndirectInputEvents = YES;
				INFOPLIST_KEY_UILaunchScreen_Generation = YES;
				INFOPLIST_KEY_UISupportedInterfaceOrientations_iPad = "UIInterfaceOrientationPortrait UIInterfaceOrientationPortraitUpsideDown UIInterfaceOrientationLandscapeLeft UIInterfaceOrientationLandscapeRight";
				INFOPLIST_KEY_UISupportedInterfaceOrientations_iPhone = "UIInterfaceOrientationPortrait UIInterfaceOrientationLandscapeLeft UIInterfaceOrientationLandscapeRight";
				LD_RUNPATH_SEARCH_PATHS = (
					"$(inherited)",
					"@executable_path/Frameworks",
				);
				MARKETING_VERSION = 1.0;
				PRODUCT_BUNDLE_IDENTIFIER = dev.mattwurl.iExpense;
				PRODUCT_NAME = "$(TARGET_NAME)";
				SWIFT_EMIT_LOC_STRINGS = YES;
				SWIFT_VERSION = 5.0;
				TARGETED_DEVICE_FAMILY = "1,2";
			};
			name = Release;
		};
/* End XCBuildConfiguration section */

/* Begin XCConfigurationList section */
		B8E012F827A52104000E5174 /* Build configuration list for PBXProject "iExpense" */ = {
			isa = XCConfigurationList;
			buildConfigurations = (
				B8E0130927A52105000E5174 /* Debug */,
				B8E0130A27A52105000E5174 /* Release */,
			);
			defaultConfigurationIsVisible = 0;
			defaultConfigurationName = Release;
		};
		B8E0130B27A52105000E5174 /* Build configuration list for PBXNativeTarget "iExpense" */ = {
			isa = XCConfigurationList;
			buildConfigurations = (
				B8E0130C27A52105000E5174 /* Debug */,
				B8E0130D27A52105000E5174 /* Release */,
			);
			defaultConfigurationIsVisible = 0;
			defaultConfigurationName = Release;
		};
/* End XCConfigurationList section */
	};
	rootObject = B8E012F527A52104000E5174 /* Project object */;
}
